
Microsoft Visual Studio Solution File, Format Version 12.00
# Visual Studio Version 17
VisualStudioVersion = 17.10.35027.167
MinimumVisualStudioVersion = 10.0.40219.1
Project("{2150E333-8FDC-42A3-9474-1A3956D46DE8}") = "src", "src", "{591C7E2A-D730-443C-9B96-DDD056BD0F39}"
EndProject
Project("{2150E333-8FDC-42A3-9474-1A3956D46DE8}") = "Tests", "Tests", "{160BB4E6-B770-420E-9D3D-54A5050D1301}"
EndProject
Project("{2150E333-8FDC-42A3-9474-1A3956D46DE8}") = "1-entrypoint", "1-entrypoint", "{743C225A-9A2F-4798-A0C6-96656E6D03A5}"
EndProject
Project("{2150E333-8FDC-42A3-9474-1A3956D46DE8}") = "2-core", "2-core", "{694A9898-F86D-4BF2-97D4-6F8D666A74E7}"
EndProject
Project("{2150E333-8FDC-42A3-9474-1A3956D46DE8}") = "3-infrastructure", "3-infrastructure", "{FEFF13E2-623D-449E-B328-658FE3EB5DA1}"
EndProject
Project("{9A19103F-16F7-4668-BE54-9A1E7A4F7556}") = "MGP.Audit.API", "MGP.Audit.API\MGP.Audit.API.csproj", "{53AA603A-555A-4CB2-9D93-68F35C5ACC8A}"
EndProject
Project("{9A19103F-16F7-4668-BE54-9A1E7A4F7556}") = "MGP.Audit.Domain", "MGP.Audit.Domain\MGP.Audit.Domain.csproj", "{4592BE31-7208-4634-A650-9F7F9C85C4F9}"
EndProject
Project("{9A19103F-16F7-4668-BE54-9A1E7A4F7556}") = "MGP.Audit.Application", "MGP.Audit.Application\MGP.Audit.Application.csproj", "{1B77DDD8-F482-48E4-A0D8-2CC893F13B08}"
EndProject
Project("{9A19103F-16F7-4668-BE54-9A1E7A4F7556}") = "MGP.Audit.CrossCutting", "MGP.Audit.CrossCutting\MGP.Audit.CrossCutting.csproj", "{FFAA92D3-2B37-4C8F-A87A-136023176EEC}"
EndProject
Project("{9A19103F-16F7-4668-BE54-9A1E7A4F7556}") = "MGP.Audit.Persistance", "MGP.Audit.Persistance\MGP.Audit.Persistance.csproj", "{3B7213C5-5AA4-415F-A1E9-9D773D4335F1}"
EndProject
Project("{9A19103F-16F7-4668-BE54-9A1E7A4F7556}") = "MGP.Audit.Test", "MGP.Audit.Test\MGP.Audit.Test.csproj", "{69C8F6FE-F82E-4727-9E55-E584569ABFB0}"
EndProject
Global
	GlobalSection(SolutionConfigurationPlatforms) = preSolution
		Debug|Any CPU = Debug|Any CPU
		Release|Any CPU = Release|Any CPU
	EndGlobalSection
	GlobalSection(ProjectConfigurationPlatforms) = postSolution
		{53AA603A-555A-4CB2-9D93-68F35C5ACC8A}.Debug|Any CPU.ActiveCfg = Debug|Any CPU
		{53AA603A-555A-4CB2-9D93-68F35C5ACC8A}.Debug|Any CPU.Build.0 = Debug|Any CPU
		{53AA603A-555A-4CB2-9D93-68F35C5ACC8A}.Release|Any CPU.ActiveCfg = Release|Any CPU
		{53AA603A-555A-4CB2-9D93-68F35C5ACC8A}.Release|Any CPU.Build.0 = Release|Any CPU
		{4592BE31-7208-4634-A650-9F7F9C85C4F9}.Debug|Any CPU.ActiveCfg = Debug|Any CPU
		{4592BE31-7208-4634-A650-9F7F9C85C4F9}.Debug|Any CPU.Build.0 = Debug|Any CPU
		{4592BE31-7208-4634-A650-9F7F9C85C4F9}.Release|Any CPU.ActiveCfg = Release|Any CPU
		{4592BE31-7208-4634-A650-9F7F9C85C4F9}.Release|Any CPU.Build.0 = Release|Any CPU
		{1B77DDD8-F482-48E4-A0D8-2CC893F13B08}.Debug|Any CPU.ActiveCfg = Debug|Any CPU
		{1B77DDD8-F482-48E4-A0D8-2CC893F13B08}.Debug|Any CPU.Build.0 = Debug|Any CPU
		{1B77DDD8-F482-48E4-A0D8-2CC893F13B08}.Release|Any CPU.ActiveCfg = Release|Any CPU
		{1B77DDD8-F482-48E4-A0D8-2CC893F13B08}.Release|Any CPU.Build.0 = Release|Any CPU
		{FFAA92D3-2B37-4C8F-A87A-136023176EEC}.Debug|Any CPU.ActiveCfg = Debug|Any CPU
		{FFAA92D3-2B37-4C8F-A87A-136023176EEC}.Debug|Any CPU.Build.0 = Debug|Any CPU
		{FFAA92D3-2B37-4C8F-A87A-136023176EEC}.Release|Any CPU.ActiveCfg = Release|Any CPU
		{FFAA92D3-2B37-4C8F-A87A-136023176EEC}.Release|Any CPU.Build.0 = Release|Any CPU
		{3B7213C5-5AA4-415F-A1E9-9D773D4335F1}.Debug|Any CPU.ActiveCfg = Debug|Any CPU
		{3B7213C5-5AA4-415F-A1E9-9D773D4335F1}.Debug|Any CPU.Build.0 = Debug|Any CPU
		{3B7213C5-5AA4-415F-A1E9-9D773D4335F1}.Release|Any CPU.ActiveCfg = Release|Any CPU
		{3B7213C5-5AA4-415F-A1E9-9D773D4335F1}.Release|Any CPU.Build.0 = Release|Any CPU
		{69C8F6FE-F82E-4727-9E55-E584569ABFB0}.Debug|Any CPU.ActiveCfg = Debug|Any CPU
		{69C8F6FE-F82E-4727-9E55-E584569ABFB0}.Debug|Any CPU.Build.0 = Debug|Any CPU
		{69C8F6FE-F82E-4727-9E55-E584569ABFB0}.Release|Any CPU.ActiveCfg = Release|Any CPU
		{69C8F6FE-F82E-4727-9E55-E584569ABFB0}.Release|Any CPU.Build.0 = Release|Any CPU
	EndGlobalSection
	GlobalSection(SolutionProperties) = preSolution
		HideSolutionNode = FALSE
	EndGlobalSection
	GlobalSection(NestedProjects) = preSolution
		{743C225A-9A2F-4798-A0C6-96656E6D03A5} = {591C7E2A-D730-443C-9B96-DDD056BD0F39}
		{694A9898-F86D-4BF2-97D4-6F8D666A74E7} = {591C7E2A-D730-443C-9B96-DDD056BD0F39}
		{FEFF13E2-623D-449E-B328-658FE3EB5DA1} = {591C7E2A-D730-443C-9B96-DDD056BD0F39}
		{53AA603A-555A-4CB2-9D93-68F35C5ACC8A} = {743C225A-9A2F-4798-A0C6-96656E6D03A5}
		{4592BE31-7208-4634-A650-9F7F9C85C4F9} = {694A9898-F86D-4BF2-97D4-6F8D666A74E7}
		{1B77DDD8-F482-48E4-A0D8-2CC893F13B08} = {694A9898-F86D-4BF2-97D4-6F8D666A74E7}
		{FFAA92D3-2B37-4C8F-A87A-136023176EEC} = {FEFF13E2-623D-449E-B328-658FE3EB5DA1}
		{3B7213C5-5AA4-415F-A1E9-9D773D4335F1} = {FEFF13E2-623D-449E-B328-658FE3EB5DA1}
		{69C8F6FE-F82E-4727-9E55-E584569ABFB0} = {160BB4E6-B770-420E-9D3D-54A5050D1301}
	EndGlobalSection
	GlobalSection(ExtensibilityGlobals) = postSolution
		SolutionGuid = {1121CE22-C2B3-4ADE-9FE6-D8CB8E910A93}
	EndGlobalSection
EndGlobal
