
Microsoft Visual Studio Solution File, Format Version 12.00
# Visual Studio Version 17
VisualStudioVersion = 17.10.35027.167
MinimumVisualStudioVersion = 10.0.40219.1
Project("{9A19103F-16F7-4668-BE54-9A1E7A4F7556}") = "MGP.ApiGateway", "ApiGateway\MGP.ApiGateway\MGP.ApiGateway.csproj", "{EDE502A0-1264-4E3D-87FA-7A832D797ACE}"
EndProject
Project("{2150E333-8FDC-42A3-9474-1A3956D46DE8}") = "ApiGateway", "ApiGateway", "{907FCD34-0F72-4E41-815D-C7C163B57CC9}"
EndProject
Project("{2150E333-8FDC-42A3-9474-1A3956D46DE8}") = "Authentication", "Authentication", "{BF5DA5C6-F9DA-4AE9-9DF0-4D18BAC5731A}"
EndProject
Project("{9A19103F-16F7-4668-BE54-9A1E7A4F7556}") = "MGP.Authentication.API", "Autenticacion\MGP.Authentication.Api\MGP.Authentication.API.csproj", "{3D84C9F9-1971-40BD-9493-C3AA812DAA5B}"
EndProject
Project("{9A19103F-16F7-4668-BE54-9A1E7A4F7556}") = "MGP.Authentication.Application", "Autenticacion\MGP.Authentication.Application\MGP.Authentication.Application.csproj", "{0BFE5BB9-8431-483D-AD2A-67FD9CBD31AF}"
EndProject
Project("{9A19103F-16F7-4668-BE54-9A1E7A4F7556}") = "MGP.Authentication.CrossCutting", "Autenticacion\MGP.Authentication.CrossCutting\MGP.Authentication.CrossCutting.csproj", "{FFD9C2A5-1E3D-47FC-A2A4-09E831E4CC17}"
EndProject
Project("{9A19103F-16F7-4668-BE54-9A1E7A4F7556}") = "MGP.Authentication.Domain", "Autenticacion\MGP.Authentication.Domain\MGP.Authentication.Domain.csproj", "{27D55F4E-22D7-4193-B26A-AA1098FB2157}"
EndProject
Project("{9A19103F-16F7-4668-BE54-9A1E7A4F7556}") = "MGP.Authentication.Persistance", "Autenticacion\MGP.Authentication.Persistance\MGP.Authentication.Persistance.csproj", "{4D2716B4-7510-4E69-BC71-D246D011E2E2}"
EndProject
Project("{9A19103F-16F7-4668-BE54-9A1E7A4F7556}") = "MGP.Authentication.Test", "Autenticacion\MGP.Authentication.Test\MGP.Authentication.Test.csproj", "{175CBEDC-0357-40BC-8266-077044CB7E01}"
EndProject
Project("{2150E333-8FDC-42A3-9474-1A3956D46DE8}") = "Discapacidad", "Discapacidad", "{FB3963BD-48AD-46F2-8948-FC1FC649B620}"
EndProject
Project("{9A19103F-16F7-4668-BE54-9A1E7A4F7556}") = "MGP.Discapacidad.API", "Discapacidad\MGP.Discapacidad.API\MGP.Discapacidad.API.csproj", "{C6068466-2BBD-4C7E-9B69-E51CBA2B8ECD}"
EndProject
Project("{9A19103F-16F7-4668-BE54-9A1E7A4F7556}") = "MGP.Discapacidad.Application", "Discapacidad\MGP.Discapacidad.Application\MGP.Discapacidad.Application.csproj", "{8D7BEB2C-060C-4093-9815-FC581626D59E}"
EndProject
Project("{9A19103F-16F7-4668-BE54-9A1E7A4F7556}") = "MGP.Discapacidad.Client", "Discapacidad\MGP.Discapacidad.Client\MGP.Discapacidad.Client.csproj", "{26ADF56C-E25B-41B1-84E2-06ADCE49A3B8}"
EndProject
Project("{9A19103F-16F7-4668-BE54-9A1E7A4F7556}") = "MGP.Discapacidad.CrossCutting", "Discapacidad\MGP.Discapacidad.CrossCutting\MGP.Discapacidad.CrossCutting.csproj", "{82896830-B873-4314-AD72-18DEB2DA3621}"
EndProject
Project("{9A19103F-16F7-4668-BE54-9A1E7A4F7556}") = "MGP.Discapacidad.Domain", "Discapacidad\MGP.Discapacidad.Domain\MGP.Discapacidad.Domain.csproj", "{D8CC1D9B-AA7E-43D6-8551-680E5260C620}"
EndProject
Project("{9A19103F-16F7-4668-BE54-9A1E7A4F7556}") = "MGP.Discapacidad.Persistance", "Discapacidad\MGP.Discapacidad.Persistance\MGP.Discapacidad.Persistance.csproj", "{6377B494-C995-408C-8831-B7F9B675EB8E}"
EndProject
Project("{9A19103F-16F7-4668-BE54-9A1E7A4F7556}") = "MGP.Discapacidad.Test", "Discapacidad\MGP.Discapacidad.Test\MGP.Discapacidad.Test.csproj", "{BA3CF728-3DE0-43CB-9C8A-C2842CB22EAF}"
EndProject
Project("{2150E333-8FDC-42A3-9474-1A3956D46DE8}") = "Backoffice", "Backoffice", "{118FD1D4-A379-478D-9BBA-E8C67A626C9F}"
EndProject
Project("{9A19103F-16F7-4668-BE54-9A1E7A4F7556}") = "MGP.Backoffice.Api", "Backoffice\MGP.Backoffice.Api\MGP.Backoffice.Api.csproj", "{D32324AF-FD77-4DB6-9FDD-042EC9688452}"
EndProject
Project("{9A19103F-16F7-4668-BE54-9A1E7A4F7556}") = "MGP.Backoffice.Application", "Backoffice\MGP.Backoffice.Application\MGP.Backoffice.Application.csproj", "{ABFFFA3C-30A9-43AB-B745-F28FCDD9CAFE}"
EndProject
Project("{9A19103F-16F7-4668-BE54-9A1E7A4F7556}") = "MGP.Backoffice.CrossCutting", "Backoffice\MGP.Backoffice.CrossCutting\MGP.Backoffice.CrossCutting.csproj", "{66F90442-A414-48F8-8EE1-257810EEB1FF}"
EndProject
Project("{9A19103F-16F7-4668-BE54-9A1E7A4F7556}") = "MGP.Backoffice.Domain", "Backoffice\MGP.Backoffice.Domain\MGP.Backoffice.Domain.csproj", "{74D8583A-E7AC-4429-9EA2-037ABDF3FC46}"
EndProject
Project("{9A19103F-16F7-4668-BE54-9A1E7A4F7556}") = "MGP.Backoffice.Persistance", "Backoffice\MGP.Backoffice.Persistance\MGP.Backoffice.Persistance.csproj", "{C949FA4F-3766-4A75-8B6B-5BB7A7E5AF25}"
EndProject
Project("{9A19103F-16F7-4668-BE54-9A1E7A4F7556}") = "MGP.Backoffice.Test", "Backoffice\MGP.Backoffice.Test\MGP.Backoffice.Test.csproj", "{D0621233-0366-4D1F-B0A3-77DB03436DBA}"
EndProject
Project("{2150E333-8FDC-42A3-9474-1A3956D46DE8}") = "Location", "Location", "{98838417-8B50-4412-9729-5BCEB8551A1B}"
EndProject
Project("{9A19103F-16F7-4668-BE54-9A1E7A4F7556}") = "MGP.Location.API", "Locations\MGP.Location.API\MGP.Location.API.csproj", "{5B6A146E-2612-433C-A32A-3038A43AA88C}"
EndProject
Project("{9A19103F-16F7-4668-BE54-9A1E7A4F7556}") = "MGP.Location.Application", "Locations\MGP.Location.Application\MGP.Location.Application.csproj", "{2D1247D7-42F3-480A-AD44-FD84982022F9}"
EndProject
Project("{9A19103F-16F7-4668-BE54-9A1E7A4F7556}") = "MGP.Location.Client", "Locations\MGP.Location.Client\MGP.Location.Client.csproj", "{0FAEFAC7-B0FC-47C3-AB9B-2E9C75C518BF}"
EndProject
Project("{9A19103F-16F7-4668-BE54-9A1E7A4F7556}") = "MGP.Location.CrossCutting", "Locations\MGP.Location.CrossCutting\MGP.Location.CrossCutting.csproj", "{0BE8B077-58D3-4C99-9276-55FC5AEB241D}"
EndProject
Project("{9A19103F-16F7-4668-BE54-9A1E7A4F7556}") = "MGP.Location.Domain", "Locations\MGP.Location.Domain\MGP.Location.Domain.csproj", "{6937E8AD-31D1-42AF-895D-A79C3180E5C3}"
EndProject
Project("{9A19103F-16F7-4668-BE54-9A1E7A4F7556}") = "MGP.Location.Persistance", "Locations\MGP.Location.Persistance\MGP.Location.Persistance.csproj", "{B6FB0AC0-1739-4966-99F7-50218E5863C6}"
EndProject
Project("{9A19103F-16F7-4668-BE54-9A1E7A4F7556}") = "MGP.Location.Tests", "Locations\Tests\MGP.Location.Tests.csproj", "{587EB929-BB32-4C79-81DC-9703DF409D0E}"
EndProject
Project("{2150E333-8FDC-42A3-9474-1A3956D46DE8}") = "MisTramites", "MisTramites", "{FBBBFA5C-18F9-4800-A875-2ED49EB0B6AF}"
EndProject
Project("{9A19103F-16F7-4668-BE54-9A1E7A4F7556}") = "MGP.MisTramites.API", "MisTramites\MGP.MisTramites\MGP.MisTramites.API.csproj", "{5FD1951A-09BB-4B11-84AA-AF04C6734A11}"
EndProject
Project("{9A19103F-16F7-4668-BE54-9A1E7A4F7556}") = "MGP.MisTramites.Application", "MisTramites\MGP.MisTramites.Application\MGP.MisTramites.Application.csproj", "{C2B7770A-47FB-46FB-ABB3-8803F857C8B7}"
EndProject
Project("{9A19103F-16F7-4668-BE54-9A1E7A4F7556}") = "MGP.MisTramites.Client", "MisTramites\MGP.MisTramites.Client\MGP.MisTramites.Client.csproj", "{9E025E04-B7F6-48BB-B704-EE53D00B0655}"
EndProject
Project("{9A19103F-16F7-4668-BE54-9A1E7A4F7556}") = "MGP.MisTramites.CrossCutting", "MisTramites\MGP.MisTramites.CrossCutting\MGP.MisTramites.CrossCutting.csproj", "{136461E7-9BD4-4821-A0BC-4C948DC32572}"
EndProject
Project("{9A19103F-16F7-4668-BE54-9A1E7A4F7556}") = "MGP.MisTramites.Domain", "MisTramites\MGP.MisTramites.Domain\MGP.MisTramites.Domain.csproj", "{79897B25-91AD-4BB8-8835-75A33EF88C01}"
EndProject
Project("{9A19103F-16F7-4668-BE54-9A1E7A4F7556}") = "MGP.MisTramites.Test", "MisTramites\MGP.MisTramites.Test\MGP.MisTramites.Test.csproj", "{550630F7-46B0-4C43-AF99-0DCF488234D3}"
EndProject
Project("{2150E333-8FDC-42A3-9474-1A3956D46DE8}") = "Audit", "Audit", "{4ED7928C-2324-4093-B5BD-68A8FAF177F8}"
EndProject
Project("{9A19103F-16F7-4668-BE54-9A1E7A4F7556}") = "MGP.Audit.API", "Auditoria\MGP.Audit.API\MGP.Audit.API.csproj", "{043DF05E-A4BD-481A-89D3-8FB16686DF4D}"
EndProject
Project("{9A19103F-16F7-4668-BE54-9A1E7A4F7556}") = "MGP.Audit.Application", "Auditoria\MGP.Audit.Application\MGP.Audit.Application.csproj", "{FD22BB8D-4F59-4616-BC93-A49A170F5D27}"
EndProject
Project("{9A19103F-16F7-4668-BE54-9A1E7A4F7556}") = "MGP.Audit.CrossCutting", "Auditoria\MGP.Audit.CrossCutting\MGP.Audit.CrossCutting.csproj", "{7BCF6796-4DDD-4B86-892D-EE0E68962A12}"
EndProject
Project("{9A19103F-16F7-4668-BE54-9A1E7A4F7556}") = "MGP.Audit.Domain", "Auditoria\MGP.Audit.Domain\MGP.Audit.Domain.csproj", "{27DCD955-717B-4DAA-BFF8-BFCAC063A0E3}"
EndProject
Project("{9A19103F-16F7-4668-BE54-9A1E7A4F7556}") = "MGP.Audit.Persistance", "Auditoria\MGP.Audit.Persistance\MGP.Audit.Persistance.csproj", "{B2C03534-AAA8-4A31-9B9A-593C9A3000B0}"
EndProject
Project("{9A19103F-16F7-4668-BE54-9A1E7A4F7556}") = "MGP.Audit.Test", "Auditoria\MGP.Audit.Test\MGP.Audit.Test.csproj", "{B3B53B82-5781-4516-94E3-7796D24044A4}"
EndProject
Project("{E53339B2-1760-4266-BCC7-CA923CBCF16C}") = "docker-compose", "docker-compose.dcproj", "{0B37001C-A617-4081-BBB9-48D1D9787ACF}"
EndProject
Global
	GlobalSection(SolutionConfigurationPlatforms) = preSolution
		Debug|Any CPU = Debug|Any CPU
		Release|Any CPU = Release|Any CPU
	EndGlobalSection
	GlobalSection(ProjectConfigurationPlatforms) = postSolution
		{EDE502A0-1264-4E3D-87FA-7A832D797ACE}.Debug|Any CPU.ActiveCfg = Debug|Any CPU
		{EDE502A0-1264-4E3D-87FA-7A832D797ACE}.Debug|Any CPU.Build.0 = Debug|Any CPU
		{EDE502A0-1264-4E3D-87FA-7A832D797ACE}.Release|Any CPU.ActiveCfg = Release|Any CPU
		{EDE502A0-1264-4E3D-87FA-7A832D797ACE}.Release|Any CPU.Build.0 = Release|Any CPU
		{3D84C9F9-1971-40BD-9493-C3AA812DAA5B}.Debug|Any CPU.ActiveCfg = Debug|Any CPU
		{3D84C9F9-1971-40BD-9493-C3AA812DAA5B}.Debug|Any CPU.Build.0 = Debug|Any CPU
		{3D84C9F9-1971-40BD-9493-C3AA812DAA5B}.Release|Any CPU.ActiveCfg = Release|Any CPU
		{3D84C9F9-1971-40BD-9493-C3AA812DAA5B}.Release|Any CPU.Build.0 = Release|Any CPU
		{0BFE5BB9-8431-483D-AD2A-67FD9CBD31AF}.Debug|Any CPU.ActiveCfg = Debug|Any CPU
		{0BFE5BB9-8431-483D-AD2A-67FD9CBD31AF}.Debug|Any CPU.Build.0 = Debug|Any CPU
		{0BFE5BB9-8431-483D-AD2A-67FD9CBD31AF}.Release|Any CPU.ActiveCfg = Release|Any CPU
		{0BFE5BB9-8431-483D-AD2A-67FD9CBD31AF}.Release|Any CPU.Build.0 = Release|Any CPU
		{FFD9C2A5-1E3D-47FC-A2A4-09E831E4CC17}.Debug|Any CPU.ActiveCfg = Debug|Any CPU
		{FFD9C2A5-1E3D-47FC-A2A4-09E831E4CC17}.Debug|Any CPU.Build.0 = Debug|Any CPU
		{FFD9C2A5-1E3D-47FC-A2A4-09E831E4CC17}.Release|Any CPU.ActiveCfg = Release|Any CPU
		{FFD9C2A5-1E3D-47FC-A2A4-09E831E4CC17}.Release|Any CPU.Build.0 = Release|Any CPU
		{27D55F4E-22D7-4193-B26A-AA1098FB2157}.Debug|Any CPU.ActiveCfg = Debug|Any CPU
		{27D55F4E-22D7-4193-B26A-AA1098FB2157}.Debug|Any CPU.Build.0 = Debug|Any CPU
		{27D55F4E-22D7-4193-B26A-AA1098FB2157}.Release|Any CPU.ActiveCfg = Release|Any CPU
		{27D55F4E-22D7-4193-B26A-AA1098FB2157}.Release|Any CPU.Build.0 = Release|Any CPU
		{4D2716B4-7510-4E69-BC71-D246D011E2E2}.Debug|Any CPU.ActiveCfg = Debug|Any CPU
		{4D2716B4-7510-4E69-BC71-D246D011E2E2}.Debug|Any CPU.Build.0 = Debug|Any CPU
		{4D2716B4-7510-4E69-BC71-D246D011E2E2}.Release|Any CPU.ActiveCfg = Release|Any CPU
		{4D2716B4-7510-4E69-BC71-D246D011E2E2}.Release|Any CPU.Build.0 = Release|Any CPU
		{175CBEDC-0357-40BC-8266-077044CB7E01}.Debug|Any CPU.ActiveCfg = Debug|Any CPU
		{175CBEDC-0357-40BC-8266-077044CB7E01}.Debug|Any CPU.Build.0 = Debug|Any CPU
		{175CBEDC-0357-40BC-8266-077044CB7E01}.Release|Any CPU.ActiveCfg = Release|Any CPU
		{175CBEDC-0357-40BC-8266-077044CB7E01}.Release|Any CPU.Build.0 = Release|Any CPU
		{C6068466-2BBD-4C7E-9B69-E51CBA2B8ECD}.Debug|Any CPU.ActiveCfg = Debug|Any CPU
		{C6068466-2BBD-4C7E-9B69-E51CBA2B8ECD}.Debug|Any CPU.Build.0 = Debug|Any CPU
		{C6068466-2BBD-4C7E-9B69-E51CBA2B8ECD}.Release|Any CPU.ActiveCfg = Release|Any CPU
		{C6068466-2BBD-4C7E-9B69-E51CBA2B8ECD}.Release|Any CPU.Build.0 = Release|Any CPU
		{8D7BEB2C-060C-4093-9815-FC581626D59E}.Debug|Any CPU.ActiveCfg = Debug|Any CPU
		{8D7BEB2C-060C-4093-9815-FC581626D59E}.Debug|Any CPU.Build.0 = Debug|Any CPU
		{8D7BEB2C-060C-4093-9815-FC581626D59E}.Release|Any CPU.ActiveCfg = Release|Any CPU
		{8D7BEB2C-060C-4093-9815-FC581626D59E}.Release|Any CPU.Build.0 = Release|Any CPU
		{26ADF56C-E25B-41B1-84E2-06ADCE49A3B8}.Debug|Any CPU.ActiveCfg = Debug|Any CPU
		{26ADF56C-E25B-41B1-84E2-06ADCE49A3B8}.Debug|Any CPU.Build.0 = Debug|Any CPU
		{26ADF56C-E25B-41B1-84E2-06ADCE49A3B8}.Release|Any CPU.ActiveCfg = Release|Any CPU
		{26ADF56C-E25B-41B1-84E2-06ADCE49A3B8}.Release|Any CPU.Build.0 = Release|Any CPU
		{82896830-B873-4314-AD72-18DEB2DA3621}.Debug|Any CPU.ActiveCfg = Debug|Any CPU
		{82896830-B873-4314-AD72-18DEB2DA3621}.Debug|Any CPU.Build.0 = Debug|Any CPU
		{82896830-B873-4314-AD72-18DEB2DA3621}.Release|Any CPU.ActiveCfg = Release|Any CPU
		{82896830-B873-4314-AD72-18DEB2DA3621}.Release|Any CPU.Build.0 = Release|Any CPU
		{D8CC1D9B-AA7E-43D6-8551-680E5260C620}.Debug|Any CPU.ActiveCfg = Debug|Any CPU
		{D8CC1D9B-AA7E-43D6-8551-680E5260C620}.Debug|Any CPU.Build.0 = Debug|Any CPU
		{D8CC1D9B-AA7E-43D6-8551-680E5260C620}.Release|Any CPU.ActiveCfg = Release|Any CPU
		{D8CC1D9B-AA7E-43D6-8551-680E5260C620}.Release|Any CPU.Build.0 = Release|Any CPU
		{6377B494-C995-408C-8831-B7F9B675EB8E}.Debug|Any CPU.ActiveCfg = Debug|Any CPU
		{6377B494-C995-408C-8831-B7F9B675EB8E}.Debug|Any CPU.Build.0 = Debug|Any CPU
		{6377B494-C995-408C-8831-B7F9B675EB8E}.Release|Any CPU.ActiveCfg = Release|Any CPU
		{6377B494-C995-408C-8831-B7F9B675EB8E}.Release|Any CPU.Build.0 = Release|Any CPU
		{BA3CF728-3DE0-43CB-9C8A-C2842CB22EAF}.Debug|Any CPU.ActiveCfg = Debug|Any CPU
		{BA3CF728-3DE0-43CB-9C8A-C2842CB22EAF}.Debug|Any CPU.Build.0 = Debug|Any CPU
		{BA3CF728-3DE0-43CB-9C8A-C2842CB22EAF}.Release|Any CPU.ActiveCfg = Release|Any CPU
		{BA3CF728-3DE0-43CB-9C8A-C2842CB22EAF}.Release|Any CPU.Build.0 = Release|Any CPU
		{D32324AF-FD77-4DB6-9FDD-042EC9688452}.Debug|Any CPU.ActiveCfg = Debug|Any CPU
		{D32324AF-FD77-4DB6-9FDD-042EC9688452}.Debug|Any CPU.Build.0 = Debug|Any CPU
		{D32324AF-FD77-4DB6-9FDD-042EC9688452}.Release|Any CPU.ActiveCfg = Release|Any CPU
		{D32324AF-FD77-4DB6-9FDD-042EC9688452}.Release|Any CPU.Build.0 = Release|Any CPU
		{ABFFFA3C-30A9-43AB-B745-F28FCDD9CAFE}.Debug|Any CPU.ActiveCfg = Debug|Any CPU
		{ABFFFA3C-30A9-43AB-B745-F28FCDD9CAFE}.Debug|Any CPU.Build.0 = Debug|Any CPU
		{ABFFFA3C-30A9-43AB-B745-F28FCDD9CAFE}.Release|Any CPU.ActiveCfg = Release|Any CPU
		{ABFFFA3C-30A9-43AB-B745-F28FCDD9CAFE}.Release|Any CPU.Build.0 = Release|Any CPU
		{66F90442-A414-48F8-8EE1-257810EEB1FF}.Debug|Any CPU.ActiveCfg = Debug|Any CPU
		{66F90442-A414-48F8-8EE1-257810EEB1FF}.Debug|Any CPU.Build.0 = Debug|Any CPU
		{66F90442-A414-48F8-8EE1-257810EEB1FF}.Release|Any CPU.ActiveCfg = Release|Any CPU
		{66F90442-A414-48F8-8EE1-257810EEB1FF}.Release|Any CPU.Build.0 = Release|Any CPU
		{74D8583A-E7AC-4429-9EA2-037ABDF3FC46}.Debug|Any CPU.ActiveCfg = Debug|Any CPU
		{74D8583A-E7AC-4429-9EA2-037ABDF3FC46}.Debug|Any CPU.Build.0 = Debug|Any CPU
		{74D8583A-E7AC-4429-9EA2-037ABDF3FC46}.Release|Any CPU.ActiveCfg = Release|Any CPU
		{74D8583A-E7AC-4429-9EA2-037ABDF3FC46}.Release|Any CPU.Build.0 = Release|Any CPU
		{C949FA4F-3766-4A75-8B6B-5BB7A7E5AF25}.Debug|Any CPU.ActiveCfg = Debug|Any CPU
		{C949FA4F-3766-4A75-8B6B-5BB7A7E5AF25}.Debug|Any CPU.Build.0 = Debug|Any CPU
		{C949FA4F-3766-4A75-8B6B-5BB7A7E5AF25}.Release|Any CPU.ActiveCfg = Release|Any CPU
		{C949FA4F-3766-4A75-8B6B-5BB7A7E5AF25}.Release|Any CPU.Build.0 = Release|Any CPU
		{D0621233-0366-4D1F-B0A3-77DB03436DBA}.Debug|Any CPU.ActiveCfg = Debug|Any CPU
		{D0621233-0366-4D1F-B0A3-77DB03436DBA}.Debug|Any CPU.Build.0 = Debug|Any CPU
		{D0621233-0366-4D1F-B0A3-77DB03436DBA}.Release|Any CPU.ActiveCfg = Release|Any CPU
		{D0621233-0366-4D1F-B0A3-77DB03436DBA}.Release|Any CPU.Build.0 = Release|Any CPU
		{5B6A146E-2612-433C-A32A-3038A43AA88C}.Debug|Any CPU.ActiveCfg = Debug|Any CPU
		{5B6A146E-2612-433C-A32A-3038A43AA88C}.Debug|Any CPU.Build.0 = Debug|Any CPU
		{5B6A146E-2612-433C-A32A-3038A43AA88C}.Release|Any CPU.ActiveCfg = Release|Any CPU
		{5B6A146E-2612-433C-A32A-3038A43AA88C}.Release|Any CPU.Build.0 = Release|Any CPU
		{2D1247D7-42F3-480A-AD44-FD84982022F9}.Debug|Any CPU.ActiveCfg = Debug|Any CPU
		{2D1247D7-42F3-480A-AD44-FD84982022F9}.Debug|Any CPU.Build.0 = Debug|Any CPU
		{2D1247D7-42F3-480A-AD44-FD84982022F9}.Release|Any CPU.ActiveCfg = Release|Any CPU
		{2D1247D7-42F3-480A-AD44-FD84982022F9}.Release|Any CPU.Build.0 = Release|Any CPU
		{0FAEFAC7-B0FC-47C3-AB9B-2E9C75C518BF}.Debug|Any CPU.ActiveCfg = Debug|Any CPU
		{0FAEFAC7-B0FC-47C3-AB9B-2E9C75C518BF}.Debug|Any CPU.Build.0 = Debug|Any CPU
		{0FAEFAC7-B0FC-47C3-AB9B-2E9C75C518BF}.Release|Any CPU.ActiveCfg = Release|Any CPU
		{0FAEFAC7-B0FC-47C3-AB9B-2E9C75C518BF}.Release|Any CPU.Build.0 = Release|Any CPU
		{0BE8B077-58D3-4C99-9276-55FC5AEB241D}.Debug|Any CPU.ActiveCfg = Debug|Any CPU
		{0BE8B077-58D3-4C99-9276-55FC5AEB241D}.Debug|Any CPU.Build.0 = Debug|Any CPU
		{0BE8B077-58D3-4C99-9276-55FC5AEB241D}.Release|Any CPU.ActiveCfg = Release|Any CPU
		{0BE8B077-58D3-4C99-9276-55FC5AEB241D}.Release|Any CPU.Build.0 = Release|Any CPU
		{6937E8AD-31D1-42AF-895D-A79C3180E5C3}.Debug|Any CPU.ActiveCfg = Debug|Any CPU
		{6937E8AD-31D1-42AF-895D-A79C3180E5C3}.Debug|Any CPU.Build.0 = Debug|Any CPU
		{6937E8AD-31D1-42AF-895D-A79C3180E5C3}.Release|Any CPU.ActiveCfg = Release|Any CPU
		{6937E8AD-31D1-42AF-895D-A79C3180E5C3}.Release|Any CPU.Build.0 = Release|Any CPU
		{B6FB0AC0-1739-4966-99F7-50218E5863C6}.Debug|Any CPU.ActiveCfg = Debug|Any CPU
		{B6FB0AC0-1739-4966-99F7-50218E5863C6}.Debug|Any CPU.Build.0 = Debug|Any CPU
		{B6FB0AC0-1739-4966-99F7-50218E5863C6}.Release|Any CPU.ActiveCfg = Release|Any CPU
		{B6FB0AC0-1739-4966-99F7-50218E5863C6}.Release|Any CPU.Build.0 = Release|Any CPU
		{587EB929-BB32-4C79-81DC-9703DF409D0E}.Debug|Any CPU.ActiveCfg = Debug|Any CPU
		{587EB929-BB32-4C79-81DC-9703DF409D0E}.Debug|Any CPU.Build.0 = Debug|Any CPU
		{587EB929-BB32-4C79-81DC-9703DF409D0E}.Release|Any CPU.ActiveCfg = Release|Any CPU
		{587EB929-BB32-4C79-81DC-9703DF409D0E}.Release|Any CPU.Build.0 = Release|Any CPU
		{5FD1951A-09BB-4B11-84AA-AF04C6734A11}.Debug|Any CPU.ActiveCfg = Debug|Any CPU
		{5FD1951A-09BB-4B11-84AA-AF04C6734A11}.Debug|Any CPU.Build.0 = Debug|Any CPU
		{5FD1951A-09BB-4B11-84AA-AF04C6734A11}.Release|Any CPU.ActiveCfg = Release|Any CPU
		{5FD1951A-09BB-4B11-84AA-AF04C6734A11}.Release|Any CPU.Build.0 = Release|Any CPU
		{C2B7770A-47FB-46FB-ABB3-8803F857C8B7}.Debug|Any CPU.ActiveCfg = Debug|Any CPU
		{C2B7770A-47FB-46FB-ABB3-8803F857C8B7}.Debug|Any CPU.Build.0 = Debug|Any CPU
		{C2B7770A-47FB-46FB-ABB3-8803F857C8B7}.Release|Any CPU.ActiveCfg = Release|Any CPU
		{C2B7770A-47FB-46FB-ABB3-8803F857C8B7}.Release|Any CPU.Build.0 = Release|Any CPU
		{9E025E04-B7F6-48BB-B704-EE53D00B0655}.Debug|Any CPU.ActiveCfg = Debug|Any CPU
		{9E025E04-B7F6-48BB-B704-EE53D00B0655}.Debug|Any CPU.Build.0 = Debug|Any CPU
		{9E025E04-B7F6-48BB-B704-EE53D00B0655}.Release|Any CPU.ActiveCfg = Release|Any CPU
		{9E025E04-B7F6-48BB-B704-EE53D00B0655}.Release|Any CPU.Build.0 = Release|Any CPU
		{136461E7-9BD4-4821-A0BC-4C948DC32572}.Debug|Any CPU.ActiveCfg = Debug|Any CPU
		{136461E7-9BD4-4821-A0BC-4C948DC32572}.Debug|Any CPU.Build.0 = Debug|Any CPU
		{136461E7-9BD4-4821-A0BC-4C948DC32572}.Release|Any CPU.ActiveCfg = Release|Any CPU
		{136461E7-9BD4-4821-A0BC-4C948DC32572}.Release|Any CPU.Build.0 = Release|Any CPU
		{79897B25-91AD-4BB8-8835-75A33EF88C01}.Debug|Any CPU.ActiveCfg = Debug|Any CPU
		{79897B25-91AD-4BB8-8835-75A33EF88C01}.Debug|Any CPU.Build.0 = Debug|Any CPU
		{79897B25-91AD-4BB8-8835-75A33EF88C01}.Release|Any CPU.ActiveCfg = Release|Any CPU
		{79897B25-91AD-4BB8-8835-75A33EF88C01}.Release|Any CPU.Build.0 = Release|Any CPU
		{550630F7-46B0-4C43-AF99-0DCF488234D3}.Debug|Any CPU.ActiveCfg = Debug|Any CPU
		{550630F7-46B0-4C43-AF99-0DCF488234D3}.Debug|Any CPU.Build.0 = Debug|Any CPU
		{550630F7-46B0-4C43-AF99-0DCF488234D3}.Release|Any CPU.ActiveCfg = Release|Any CPU
		{550630F7-46B0-4C43-AF99-0DCF488234D3}.Release|Any CPU.Build.0 = Release|Any CPU
		{043DF05E-A4BD-481A-89D3-8FB16686DF4D}.Debug|Any CPU.ActiveCfg = Debug|Any CPU
		{043DF05E-A4BD-481A-89D3-8FB16686DF4D}.Debug|Any CPU.Build.0 = Debug|Any CPU
		{043DF05E-A4BD-481A-89D3-8FB16686DF4D}.Release|Any CPU.ActiveCfg = Release|Any CPU
		{043DF05E-A4BD-481A-89D3-8FB16686DF4D}.Release|Any CPU.Build.0 = Release|Any CPU
		{FD22BB8D-4F59-4616-BC93-A49A170F5D27}.Debug|Any CPU.ActiveCfg = Debug|Any CPU
		{FD22BB8D-4F59-4616-BC93-A49A170F5D27}.Debug|Any CPU.Build.0 = Debug|Any CPU
		{FD22BB8D-4F59-4616-BC93-A49A170F5D27}.Release|Any CPU.ActiveCfg = Release|Any CPU
		{FD22BB8D-4F59-4616-BC93-A49A170F5D27}.Release|Any CPU.Build.0 = Release|Any CPU
		{7BCF6796-4DDD-4B86-892D-EE0E68962A12}.Debug|Any CPU.ActiveCfg = Debug|Any CPU
		{7BCF6796-4DDD-4B86-892D-EE0E68962A12}.Debug|Any CPU.Build.0 = Debug|Any CPU
		{7BCF6796-4DDD-4B86-892D-EE0E68962A12}.Release|Any CPU.ActiveCfg = Release|Any CPU
		{7BCF6796-4DDD-4B86-892D-EE0E68962A12}.Release|Any CPU.Build.0 = Release|Any CPU
		{27DCD955-717B-4DAA-BFF8-BFCAC063A0E3}.Debug|Any CPU.ActiveCfg = Debug|Any CPU
		{27DCD955-717B-4DAA-BFF8-BFCAC063A0E3}.Debug|Any CPU.Build.0 = Debug|Any CPU
		{27DCD955-717B-4DAA-BFF8-BFCAC063A0E3}.Release|Any CPU.ActiveCfg = Release|Any CPU
		{27DCD955-717B-4DAA-BFF8-BFCAC063A0E3}.Release|Any CPU.Build.0 = Release|Any CPU
		{B2C03534-AAA8-4A31-9B9A-593C9A3000B0}.Debug|Any CPU.ActiveCfg = Debug|Any CPU
		{B2C03534-AAA8-4A31-9B9A-593C9A3000B0}.Debug|Any CPU.Build.0 = Debug|Any CPU
		{B2C03534-AAA8-4A31-9B9A-593C9A3000B0}.Release|Any CPU.ActiveCfg = Release|Any CPU
		{B2C03534-AAA8-4A31-9B9A-593C9A3000B0}.Release|Any CPU.Build.0 = Release|Any CPU
		{B3B53B82-5781-4516-94E3-7796D24044A4}.Debug|Any CPU.ActiveCfg = Debug|Any CPU
		{B3B53B82-5781-4516-94E3-7796D24044A4}.Debug|Any CPU.Build.0 = Debug|Any CPU
		{B3B53B82-5781-4516-94E3-7796D24044A4}.Release|Any CPU.ActiveCfg = Release|Any CPU
		{B3B53B82-5781-4516-94E3-7796D24044A4}.Release|Any CPU.Build.0 = Release|Any CPU
		{0B37001C-A617-4081-BBB9-48D1D9787ACF}.Debug|Any CPU.ActiveCfg = Debug|Any CPU
		{0B37001C-A617-4081-BBB9-48D1D9787ACF}.Debug|Any CPU.Build.0 = Debug|Any CPU
		{0B37001C-A617-4081-BBB9-48D1D9787ACF}.Release|Any CPU.ActiveCfg = Release|Any CPU
		{0B37001C-A617-4081-BBB9-48D1D9787ACF}.Release|Any CPU.Build.0 = Release|Any CPU
	EndGlobalSection
	GlobalSection(SolutionProperties) = preSolution
		HideSolutionNode = FALSE
	EndGlobalSection
	GlobalSection(NestedProjects) = preSolution
		{EDE502A0-1264-4E3D-87FA-7A832D797ACE} = {907FCD34-0F72-4E41-815D-C7C163B57CC9}
		{3D84C9F9-1971-40BD-9493-C3AA812DAA5B} = {BF5DA5C6-F9DA-4AE9-9DF0-4D18BAC5731A}
		{0BFE5BB9-8431-483D-AD2A-67FD9CBD31AF} = {BF5DA5C6-F9DA-4AE9-9DF0-4D18BAC5731A}
		{FFD9C2A5-1E3D-47FC-A2A4-09E831E4CC17} = {BF5DA5C6-F9DA-4AE9-9DF0-4D18BAC5731A}
		{27D55F4E-22D7-4193-B26A-AA1098FB2157} = {BF5DA5C6-F9DA-4AE9-9DF0-4D18BAC5731A}
		{4D2716B4-7510-4E69-BC71-D246D011E2E2} = {BF5DA5C6-F9DA-4AE9-9DF0-4D18BAC5731A}
		{175CBEDC-0357-40BC-8266-077044CB7E01} = {BF5DA5C6-F9DA-4AE9-9DF0-4D18BAC5731A}
		{C6068466-2BBD-4C7E-9B69-E51CBA2B8ECD} = {FB3963BD-48AD-46F2-8948-FC1FC649B620}
		{8D7BEB2C-060C-4093-9815-FC581626D59E} = {FB3963BD-48AD-46F2-8948-FC1FC649B620}
		{26ADF56C-E25B-41B1-84E2-06ADCE49A3B8} = {FB3963BD-48AD-46F2-8948-FC1FC649B620}
		{82896830-B873-4314-AD72-18DEB2DA3621} = {FB3963BD-48AD-46F2-8948-FC1FC649B620}
		{D8CC1D9B-AA7E-43D6-8551-680E5260C620} = {FB3963BD-48AD-46F2-8948-FC1FC649B620}
		{6377B494-C995-408C-8831-B7F9B675EB8E} = {FB3963BD-48AD-46F2-8948-FC1FC649B620}
		{BA3CF728-3DE0-43CB-9C8A-C2842CB22EAF} = {FB3963BD-48AD-46F2-8948-FC1FC649B620}
		{D32324AF-FD77-4DB6-9FDD-042EC9688452} = {118FD1D4-A379-478D-9BBA-E8C67A626C9F}
		{ABFFFA3C-30A9-43AB-B745-F28FCDD9CAFE} = {118FD1D4-A379-478D-9BBA-E8C67A626C9F}
		{66F90442-A414-48F8-8EE1-257810EEB1FF} = {118FD1D4-A379-478D-9BBA-E8C67A626C9F}
		{74D8583A-E7AC-4429-9EA2-037ABDF3FC46} = {118FD1D4-A379-478D-9BBA-E8C67A626C9F}
		{C949FA4F-3766-4A75-8B6B-5BB7A7E5AF25} = {118FD1D4-A379-478D-9BBA-E8C67A626C9F}
		{D0621233-0366-4D1F-B0A3-77DB03436DBA} = {118FD1D4-A379-478D-9BBA-E8C67A626C9F}
		{5B6A146E-2612-433C-A32A-3038A43AA88C} = {98838417-8B50-4412-9729-5BCEB8551A1B}
		{2D1247D7-42F3-480A-AD44-FD84982022F9} = {98838417-8B50-4412-9729-5BCEB8551A1B}
		{0FAEFAC7-B0FC-47C3-AB9B-2E9C75C518BF} = {98838417-8B50-4412-9729-5BCEB8551A1B}
		{0BE8B077-58D3-4C99-9276-55FC5AEB241D} = {98838417-8B50-4412-9729-5BCEB8551A1B}
		{6937E8AD-31D1-42AF-895D-A79C3180E5C3} = {98838417-8B50-4412-9729-5BCEB8551A1B}
		{B6FB0AC0-1739-4966-99F7-50218E5863C6} = {98838417-8B50-4412-9729-5BCEB8551A1B}
		{587EB929-BB32-4C79-81DC-9703DF409D0E} = {98838417-8B50-4412-9729-5BCEB8551A1B}
		{5FD1951A-09BB-4B11-84AA-AF04C6734A11} = {FBBBFA5C-18F9-4800-A875-2ED49EB0B6AF}
		{C2B7770A-47FB-46FB-ABB3-8803F857C8B7} = {FBBBFA5C-18F9-4800-A875-2ED49EB0B6AF}
		{9E025E04-B7F6-48BB-B704-EE53D00B0655} = {FBBBFA5C-18F9-4800-A875-2ED49EB0B6AF}
		{136461E7-9BD4-4821-A0BC-4C948DC32572} = {FBBBFA5C-18F9-4800-A875-2ED49EB0B6AF}
		{79897B25-91AD-4BB8-8835-75A33EF88C01} = {FBBBFA5C-18F9-4800-A875-2ED49EB0B6AF}
		{550630F7-46B0-4C43-AF99-0DCF488234D3} = {FBBBFA5C-18F9-4800-A875-2ED49EB0B6AF}
		{043DF05E-A4BD-481A-89D3-8FB16686DF4D} = {4ED7928C-2324-4093-B5BD-68A8FAF177F8}
		{FD22BB8D-4F59-4616-BC93-A49A170F5D27} = {4ED7928C-2324-4093-B5BD-68A8FAF177F8}
		{7BCF6796-4DDD-4B86-892D-EE0E68962A12} = {4ED7928C-2324-4093-B5BD-68A8FAF177F8}
		{27DCD955-717B-4DAA-BFF8-BFCAC063A0E3} = {4ED7928C-2324-4093-B5BD-68A8FAF177F8}
		{B2C03534-AAA8-4A31-9B9A-593C9A3000B0} = {4ED7928C-2324-4093-B5BD-68A8FAF177F8}
		{B3B53B82-5781-4516-94E3-7796D24044A4} = {4ED7928C-2324-4093-B5BD-68A8FAF177F8}
	EndGlobalSection
	GlobalSection(ExtensibilityGlobals) = postSolution
		SolutionGuid = {D4958B40-60E2-4462-A102-6581BEE77AE8}
	EndGlobalSection
EndGlobal
