
Microsoft Visual Studio Solution File, Format Version 12.00
# Visual Studio Version 17
VisualStudioVersion = 17.10.35027.167
MinimumVisualStudioVersion = 10.0.40219.1
Project("{9A19103F-16F7-4668-BE54-9A1E7A4F7556}") = "MGP.MisTramites.API", "MGP.MisTramites\MGP.MisTramites.API.csproj", "{57867A99-29E8-4405-82A6-0DF68FAED674}"
EndProject
Project("{2150E333-8FDC-42A3-9474-1A3956D46DE8}") = "src", "src", "{291466F1-4294-40CF-980C-382B4EE1669C}"
EndProject
Project("{2150E333-8FDC-42A3-9474-1A3956D46DE8}") = "1-entrypoint", "1-entrypoint", "{0B541D43-7459-4BD2-BB81-629E4FA9F4DF}"
EndProject
Project("{2150E333-8FDC-42A3-9474-1A3956D46DE8}") = "2-core", "2-core", "{01BACDD3-0D16-4927-88AB-84EBD6949285}"
EndProject
Project("{2150E333-8FDC-42A3-9474-1A3956D46DE8}") = "3-infrastructure", "3-infrastructure", "{0A61D3E4-950F-473F-9B78-85456F961E2B}"
EndProject
Project("{9A19103F-16F7-4668-BE54-9A1E7A4F7556}") = "MGP.MisTramites.Application", "MGP.MisTramites.Application\MGP.MisTramites.Application.csproj", "{DA252E2A-2535-4F02-86BD-26045EB21572}"
EndProject
Project("{9A19103F-16F7-4668-BE54-9A1E7A4F7556}") = "MGP.MisTramites.Domain", "MGP.MisTramites.Domain\MGP.MisTramites.Domain.csproj", "{1B3F88F2-E483-4771-9696-96BA34C3BECC}"
EndProject
Project("{9A19103F-16F7-4668-BE54-9A1E7A4F7556}") = "MGP.MisTramites.CrossCutting", "MGP.MisTramites.CrossCutting\MGP.MisTramites.CrossCutting.csproj", "{B2971296-5DAF-41D5-A909-0C0EED5F1F00}"
EndProject
Project("{2150E333-8FDC-42A3-9474-1A3956D46DE8}") = "test", "test", "{70F67416-D8D7-4D40-BF6F-08CB27182222}"
EndProject
Project("{9A19103F-16F7-4668-BE54-9A1E7A4F7556}") = "MGP.MisTramites.Test", "MGP.MisTramites.Test\MGP.MisTramites.Test.csproj", "{A46BAA5A-5A6F-49BC-90F7-F4284303C359}"
EndProject
Project("{FAE04EC0-301F-11D3-BF4B-00C04F79EFBC}") = "MGP.MisTramites.Client", "MGP.MisTramites.Client\MGP.MisTramites.Client.csproj", "{A2A1757A-161E-4FED-9921-78FA66F32A97}"
EndProject
Global
	GlobalSection(SolutionConfigurationPlatforms) = preSolution
		Debug|Any CPU = Debug|Any CPU
		Release|Any CPU = Release|Any CPU
	EndGlobalSection
	GlobalSection(ProjectConfigurationPlatforms) = postSolution
		{57867A99-29E8-4405-82A6-0DF68FAED674}.Debug|Any CPU.ActiveCfg = Debug|Any CPU
		{57867A99-29E8-4405-82A6-0DF68FAED674}.Debug|Any CPU.Build.0 = Debug|Any CPU
		{57867A99-29E8-4405-82A6-0DF68FAED674}.Release|Any CPU.ActiveCfg = Release|Any CPU
		{57867A99-29E8-4405-82A6-0DF68FAED674}.Release|Any CPU.Build.0 = Release|Any CPU
		{DA252E2A-2535-4F02-86BD-26045EB21572}.Debug|Any CPU.ActiveCfg = Debug|Any CPU
		{DA252E2A-2535-4F02-86BD-26045EB21572}.Debug|Any CPU.Build.0 = Debug|Any CPU
		{DA252E2A-2535-4F02-86BD-26045EB21572}.Release|Any CPU.ActiveCfg = Release|Any CPU
		{DA252E2A-2535-4F02-86BD-26045EB21572}.Release|Any CPU.Build.0 = Release|Any CPU
		{1B3F88F2-E483-4771-9696-96BA34C3BECC}.Debug|Any CPU.ActiveCfg = Debug|Any CPU
		{1B3F88F2-E483-4771-9696-96BA34C3BECC}.Debug|Any CPU.Build.0 = Debug|Any CPU
		{1B3F88F2-E483-4771-9696-96BA34C3BECC}.Release|Any CPU.ActiveCfg = Release|Any CPU
		{1B3F88F2-E483-4771-9696-96BA34C3BECC}.Release|Any CPU.Build.0 = Release|Any CPU
		{B2971296-5DAF-41D5-A909-0C0EED5F1F00}.Debug|Any CPU.ActiveCfg = Debug|Any CPU
		{B2971296-5DAF-41D5-A909-0C0EED5F1F00}.Debug|Any CPU.Build.0 = Debug|Any CPU
		{B2971296-5DAF-41D5-A909-0C0EED5F1F00}.Release|Any CPU.ActiveCfg = Release|Any CPU
		{B2971296-5DAF-41D5-A909-0C0EED5F1F00}.Release|Any CPU.Build.0 = Release|Any CPU
		{A46BAA5A-5A6F-49BC-90F7-F4284303C359}.Debug|Any CPU.ActiveCfg = Debug|Any CPU
		{A46BAA5A-5A6F-49BC-90F7-F4284303C359}.Debug|Any CPU.Build.0 = Debug|Any CPU
		{A46BAA5A-5A6F-49BC-90F7-F4284303C359}.Release|Any CPU.ActiveCfg = Release|Any CPU
		{A46BAA5A-5A6F-49BC-90F7-F4284303C359}.Release|Any CPU.Build.0 = Release|Any CPU
		{A2A1757A-161E-4FED-9921-78FA66F32A97}.Debug|Any CPU.ActiveCfg = Debug|Any CPU
		{A2A1757A-161E-4FED-9921-78FA66F32A97}.Debug|Any CPU.Build.0 = Debug|Any CPU
		{A2A1757A-161E-4FED-9921-78FA66F32A97}.Release|Any CPU.ActiveCfg = Release|Any CPU
		{A2A1757A-161E-4FED-9921-78FA66F32A97}.Release|Any CPU.Build.0 = Release|Any CPU
	EndGlobalSection
	GlobalSection(SolutionProperties) = preSolution
		HideSolutionNode = FALSE
	EndGlobalSection
	GlobalSection(NestedProjects) = preSolution
		{57867A99-29E8-4405-82A6-0DF68FAED674} = {0B541D43-7459-4BD2-BB81-629E4FA9F4DF}
		{0B541D43-7459-4BD2-BB81-629E4FA9F4DF} = {291466F1-4294-40CF-980C-382B4EE1669C}
		{01BACDD3-0D16-4927-88AB-84EBD6949285} = {291466F1-4294-40CF-980C-382B4EE1669C}
		{0A61D3E4-950F-473F-9B78-85456F961E2B} = {291466F1-4294-40CF-980C-382B4EE1669C}
		{DA252E2A-2535-4F02-86BD-26045EB21572} = {01BACDD3-0D16-4927-88AB-84EBD6949285}
		{1B3F88F2-E483-4771-9696-96BA34C3BECC} = {01BACDD3-0D16-4927-88AB-84EBD6949285}
		{B2971296-5DAF-41D5-A909-0C0EED5F1F00} = {0A61D3E4-950F-473F-9B78-85456F961E2B}
		{A46BAA5A-5A6F-49BC-90F7-F4284303C359} = {70F67416-D8D7-4D40-BF6F-08CB27182222}
		{A2A1757A-161E-4FED-9921-78FA66F32A97} = {0A61D3E4-950F-473F-9B78-85456F961E2B}
	EndGlobalSection
	GlobalSection(ExtensibilityGlobals) = postSolution
		SolutionGuid = {A1440B5D-BC3F-4B9E-9E10-F8A4CD7A5E6A}
	EndGlobalSection
EndGlobal
